
Microsoft Visual Studio Solution File, Format Version 12.00
# Visual Studio Version 17
VisualStudioVersion = 17.14.36603.0
MinimumVisualStudioVersion = 10.0.40219.1
Project("{2150E333-8FDC-42A3-9474-1A3956D46DE8}") = "Task0", "Task0", "{02EA681E-C7D8-13C7-8484-4AC65E1B71E8}"
EndProject
Project("{FAE04EC0-301F-11D3-BF4B-00C04F79EFBC}") = "Tyuiu.BorisovaAD.Sprint6.Task0.V25.Test", "Tyuiu.BorisovaAD.Sprint6.Task0.V25.Test\Tyuiu.BorisovaAD.Sprint6.Task0.V25.Test.csproj", "{A06064EF-1AE3-42E3-A3BA-1728FC2EFA21}"
EndProject
Project("{FAE04EC0-301F-11D3-BF4B-00C04F79EFBC}") = "Tyuiu.BorisovaAD.Sprint6.Task0.V25.Lib", "Tyuiu.BorisovaAD.Sprint6.Task0.V25.Lib\Tyuiu.BorisovaAD.Sprint6.Task0.V25.Lib.csproj", "{D32D31A9-B92F-421C-8FE7-40036598B733}"
EndProject
Project("{FAE04EC0-301F-11D3-BF4B-00C04F79EFBC}") = "Tyuiu.BorisovaAD.Sprint6.Task0.V25", "Tyuiu.BorisovaAD.Sprint6.Task0.V25\Tyuiu.BorisovaAD.Sprint6.Task0.V25.csproj", "{665C18A5-7AFF-4121-ABF8-C92BA62B8C4C}"
EndProject
Global
	GlobalSection(SolutionConfigurationPlatforms) = preSolution
		Debug|Any CPU = Debug|Any CPU
		Release|Any CPU = Release|Any CPU
	EndGlobalSection
	GlobalSection(ProjectConfigurationPlatforms) = postSolution
		{A06064EF-1AE3-42E3-A3BA-1728FC2EFA21}.Debug|Any CPU.ActiveCfg = Debug|Any CPU
		{A06064EF-1AE3-42E3-A3BA-1728FC2EFA21}.Debug|Any CPU.Build.0 = Debug|Any CPU
		{A06064EF-1AE3-42E3-A3BA-1728FC2EFA21}.Release|Any CPU.ActiveCfg = Release|Any CPU
		{A06064EF-1AE3-42E3-A3BA-1728FC2EFA21}.Release|Any CPU.Build.0 = Release|Any CPU
		{D32D31A9-B92F-421C-8FE7-40036598B733}.Debug|Any CPU.ActiveCfg = Debug|Any CPU
		{D32D31A9-B92F-421C-8FE7-40036598B733}.Debug|Any CPU.Build.0 = Debug|Any CPU
		{D32D31A9-B92F-421C-8FE7-40036598B733}.Release|Any CPU.ActiveCfg = Release|Any CPU
		{D32D31A9-B92F-421C-8FE7-40036598B733}.Release|Any CPU.Build.0 = Release|Any CPU
		{665C18A5-7AFF-4121-ABF8-C92BA62B8C4C}.Debug|Any CPU.ActiveCfg = Debug|Any CPU
		{665C18A5-7AFF-4121-ABF8-C92BA62B8C4C}.Debug|Any CPU.Build.0 = Debug|Any CPU
		{665C18A5-7AFF-4121-ABF8-C92BA62B8C4C}.Release|Any CPU.ActiveCfg = Release|Any CPU
		{665C18A5-7AFF-4121-ABF8-C92BA62B8C4C}.Release|Any CPU.Build.0 = Release|Any CPU
	EndGlobalSection
	GlobalSection(SolutionProperties) = preSolution
		HideSolutionNode = FALSE
	EndGlobalSection
	GlobalSection(NestedProjects) = preSolution
		{A06064EF-1AE3-42E3-A3BA-1728FC2EFA21} = {02EA681E-C7D8-13C7-8484-4AC65E1B71E8}
		{D32D31A9-B92F-421C-8FE7-40036598B733} = {02EA681E-C7D8-13C7-8484-4AC65E1B71E8}
		{665C18A5-7AFF-4121-ABF8-C92BA62B8C4C} = {02EA681E-C7D8-13C7-8484-4AC65E1B71E8}
	EndGlobalSection
	GlobalSection(ExtensibilityGlobals) = postSolution
		SolutionGuid = {7205FDBD-A4EB-4C03-B78A-B4E22D72EE1E}
	EndGlobalSection
EndGlobal
