
Microsoft Visual Studio Solution File, Format Version 12.00
# Visual Studio Version 17
VisualStudioVersion = 17.14.36603.0
MinimumVisualStudioVersion = 10.0.40219.1
Project("{2150E333-8FDC-42A3-9474-1A3956D46DE8}") = "Task0", "Task0", "{02EA681E-C7D8-13C7-8484-4AC65E1B71E8}"
EndProject
Project("{FAE04EC0-301F-11D3-BF4B-00C04F79EFBC}") = "Tyuiu.BorisovaAD.Sprint6.Task0.V25.Test", "Tyuiu.BorisovaAD.Sprint6.Task0.V25.Test\Tyuiu.BorisovaAD.Sprint6.Task0.V25.Test.csproj", "{A06064EF-1AE3-42E3-A3BA-1728FC2EFA21}"
EndProject
Project("{FAE04EC0-301F-11D3-BF4B-00C04F79EFBC}") = "Tyuiu.BorisovaAD.Sprint6.Task0.V25.Lib", "Tyuiu.BorisovaAD.Sprint6.Task0.V25.Lib\Tyuiu.BorisovaAD.Sprint6.Task0.V25.Lib.csproj", "{D32D31A9-B92F-421C-8FE7-40036598B733}"
EndProject
Project("{FAE04EC0-301F-11D3-BF4B-00C04F79EFBC}") = "Tyuiu.BorisovaAD.Sprint6.Task0.V25", "Tyuiu.BorisovaAD.Sprint6.Task0.V25\Tyuiu.BorisovaAD.Sprint6.Task0.V25.csproj", "{665C18A5-7AFF-4121-ABF8-C92BA62B8C4C}"
EndProject
Project("{2150E333-8FDC-42A3-9474-1A3956D46DE8}") = "Task1", "Task1", "{AC89DE53-50EC-4610-884F-D5F2A1AE77F0}"
EndProject
Project("{FAE04EC0-301F-11D3-BF4B-00C04F79EFBC}") = "Tyuiu.BorisovaAD.Sprint6.Task1.V2.Test", "Tyuiu.BorisovaAD.Sprint6.Task1.V2.Test\Tyuiu.BorisovaAD.Sprint6.Task1.V2.Test.csproj", "{15F1F746-28EC-4617-92FB-A620C27AABBF}"
EndProject
Project("{FAE04EC0-301F-11D3-BF4B-00C04F79EFBC}") = "Tyuiu.BorisovaAD.Sprint6.Task1.V2.Lib", "Tyuiu.BorisovaAD.Sprint6.Task1.V2.Lib\Tyuiu.BorisovaAD.Sprint6.Task1.V2.Lib.csproj", "{873BE017-5716-41DA-9E75-174CDFD1475D}"
EndProject
Project("{FAE04EC0-301F-11D3-BF4B-00C04F79EFBC}") = "Tyuiu.BorisovaAD.Sprint6.Task1.V2", "Tyuiu.BorisovaAD.Sprint6.Task1.V2\Tyuiu.BorisovaAD.Sprint6.Task1.V2.csproj", "{4034501E-0A49-4F21-991E-127FD063FD72}"
EndProject
Project("{2150E333-8FDC-42A3-9474-1A3956D46DE8}") = "Task2", "Task2", "{BE4F0A68-28BB-48B6-B2D4-6DA624C88A7D}"
EndProject
Project("{2150E333-8FDC-42A3-9474-1A3956D46DE8}") = "Task3", "Task3", "{CB331182-7B39-419D-A29A-8A296B7AFEF6}"
EndProject
Project("{FAE04EC0-301F-11D3-BF4B-00C04F79EFBC}") = "Tyuiu.BorisovaAD.Sprint6.Task3.V19.Test", "Tyuiu.BorisovaAD.Sprint6.Task3.V19.Test\Tyuiu.BorisovaAD.Sprint6.Task3.V19.Test.csproj", "{72F19D61-2E38-4BC8-B131-EBF8FB4DA72B}"
EndProject
Project("{FAE04EC0-301F-11D3-BF4B-00C04F79EFBC}") = "Tyuiu.BorisovaAD.Sprint6.Task3.V19.Lib", "Tyuiu.BorisovaAD.Sprint6.Task3.V19.Lib\Tyuiu.BorisovaAD.Sprint6.Task3.V19.Lib.csproj", "{31801053-1E02-4BDD-8F81-0693431D1EE7}"
EndProject
Project("{FAE04EC0-301F-11D3-BF4B-00C04F79EFBC}") = "Tyuiu.BorisovaAD.Sprint6.Task3.V19", "Tyuiu.BorisovaAD.Sprint6.Task3.V19\Tyuiu.BorisovaAD.Sprint6.Task3.V19.csproj", "{298FD7C3-7724-411E-A015-109F1324FB65}"
EndProject
Project("{2150E333-8FDC-42A3-9474-1A3956D46DE8}") = "Task4", "Task4", "{242B0161-EBA2-4440-9FA0-F5C2BE11677B}"
EndProject
Project("{FAE04EC0-301F-11D3-BF4B-00C04F79EFBC}") = "Tyuiu.BorisovaAD.Sprint6.Task4.V5.Lib", "Tyuiu.BorisovaAD.Sprint6.Task4.V5.Lib\Tyuiu.BorisovaAD.Sprint6.Task4.V5.Lib.csproj", "{742E4C24-896F-42FB-BDBB-075EBF2850A9}"
EndProject
Project("{FAE04EC0-301F-11D3-BF4B-00C04F79EFBC}") = "Tyuiu.BorisovaAD.Sprint6.Task4.V5", "Tyuiu.BorisovaAD.Sprint6.Task4.V5\Tyuiu.BorisovaAD.Sprint6.Task4.V5.csproj", "{89E4207A-D9FA-4B24-A058-8702BFCC89D8}"
EndProject
Project("{FAE04EC0-301F-11D3-BF4B-00C04F79EFBC}") = "Tyuiu.BoriosvaAD.Sprint6.Task4.V5.Test", "Tyuiu.BoriosvaAD.Sprint6.Task4.V5.Test\Tyuiu.BoriosvaAD.Sprint6.Task4.V5.Test.csproj", "{FC160CCC-8FC0-44AD-8674-8507EF5FC39B}"
EndProject
Global
	GlobalSection(SolutionConfigurationPlatforms) = preSolution
		Debug|Any CPU = Debug|Any CPU
		Release|Any CPU = Release|Any CPU
	EndGlobalSection
	GlobalSection(ProjectConfigurationPlatforms) = postSolution
		{A06064EF-1AE3-42E3-A3BA-1728FC2EFA21}.Debug|Any CPU.ActiveCfg = Debug|Any CPU
		{A06064EF-1AE3-42E3-A3BA-1728FC2EFA21}.Debug|Any CPU.Build.0 = Debug|Any CPU
		{A06064EF-1AE3-42E3-A3BA-1728FC2EFA21}.Release|Any CPU.ActiveCfg = Release|Any CPU
		{A06064EF-1AE3-42E3-A3BA-1728FC2EFA21}.Release|Any CPU.Build.0 = Release|Any CPU
		{D32D31A9-B92F-421C-8FE7-40036598B733}.Debug|Any CPU.ActiveCfg = Debug|Any CPU
		{D32D31A9-B92F-421C-8FE7-40036598B733}.Debug|Any CPU.Build.0 = Debug|Any CPU
		{D32D31A9-B92F-421C-8FE7-40036598B733}.Release|Any CPU.ActiveCfg = Release|Any CPU
		{D32D31A9-B92F-421C-8FE7-40036598B733}.Release|Any CPU.Build.0 = Release|Any CPU
		{665C18A5-7AFF-4121-ABF8-C92BA62B8C4C}.Debug|Any CPU.ActiveCfg = Debug|Any CPU
		{665C18A5-7AFF-4121-ABF8-C92BA62B8C4C}.Debug|Any CPU.Build.0 = Debug|Any CPU
		{665C18A5-7AFF-4121-ABF8-C92BA62B8C4C}.Release|Any CPU.ActiveCfg = Release|Any CPU
		{665C18A5-7AFF-4121-ABF8-C92BA62B8C4C}.Release|Any CPU.Build.0 = Release|Any CPU
		{15F1F746-28EC-4617-92FB-A620C27AABBF}.Debug|Any CPU.ActiveCfg = Debug|Any CPU
		{15F1F746-28EC-4617-92FB-A620C27AABBF}.Debug|Any CPU.Build.0 = Debug|Any CPU
		{15F1F746-28EC-4617-92FB-A620C27AABBF}.Release|Any CPU.ActiveCfg = Release|Any CPU
		{15F1F746-28EC-4617-92FB-A620C27AABBF}.Release|Any CPU.Build.0 = Release|Any CPU
		{873BE017-5716-41DA-9E75-174CDFD1475D}.Debug|Any CPU.ActiveCfg = Debug|Any CPU
		{873BE017-5716-41DA-9E75-174CDFD1475D}.Debug|Any CPU.Build.0 = Debug|Any CPU
		{873BE017-5716-41DA-9E75-174CDFD1475D}.Release|Any CPU.ActiveCfg = Release|Any CPU
		{873BE017-5716-41DA-9E75-174CDFD1475D}.Release|Any CPU.Build.0 = Release|Any CPU
		{4034501E-0A49-4F21-991E-127FD063FD72}.Debug|Any CPU.ActiveCfg = Debug|Any CPU
		{4034501E-0A49-4F21-991E-127FD063FD72}.Debug|Any CPU.Build.0 = Debug|Any CPU
		{4034501E-0A49-4F21-991E-127FD063FD72}.Release|Any CPU.ActiveCfg = Release|Any CPU
		{4034501E-0A49-4F21-991E-127FD063FD72}.Release|Any CPU.Build.0 = Release|Any CPU
		{72F19D61-2E38-4BC8-B131-EBF8FB4DA72B}.Debug|Any CPU.ActiveCfg = Debug|Any CPU
		{72F19D61-2E38-4BC8-B131-EBF8FB4DA72B}.Debug|Any CPU.Build.0 = Debug|Any CPU
		{72F19D61-2E38-4BC8-B131-EBF8FB4DA72B}.Release|Any CPU.ActiveCfg = Release|Any CPU
		{72F19D61-2E38-4BC8-B131-EBF8FB4DA72B}.Release|Any CPU.Build.0 = Release|Any CPU
		{31801053-1E02-4BDD-8F81-0693431D1EE7}.Debug|Any CPU.ActiveCfg = Debug|Any CPU
		{31801053-1E02-4BDD-8F81-0693431D1EE7}.Debug|Any CPU.Build.0 = Debug|Any CPU
		{31801053-1E02-4BDD-8F81-0693431D1EE7}.Release|Any CPU.ActiveCfg = Release|Any CPU
		{31801053-1E02-4BDD-8F81-0693431D1EE7}.Release|Any CPU.Build.0 = Release|Any CPU
		{298FD7C3-7724-411E-A015-109F1324FB65}.Debug|Any CPU.ActiveCfg = Debug|Any CPU
		{298FD7C3-7724-411E-A015-109F1324FB65}.Debug|Any CPU.Build.0 = Debug|Any CPU
		{298FD7C3-7724-411E-A015-109F1324FB65}.Release|Any CPU.ActiveCfg = Release|Any CPU
		{298FD7C3-7724-411E-A015-109F1324FB65}.Release|Any CPU.Build.0 = Release|Any CPU
		{742E4C24-896F-42FB-BDBB-075EBF2850A9}.Debug|Any CPU.ActiveCfg = Debug|Any CPU
		{742E4C24-896F-42FB-BDBB-075EBF2850A9}.Debug|Any CPU.Build.0 = Debug|Any CPU
		{742E4C24-896F-42FB-BDBB-075EBF2850A9}.Release|Any CPU.ActiveCfg = Release|Any CPU
		{742E4C24-896F-42FB-BDBB-075EBF2850A9}.Release|Any CPU.Build.0 = Release|Any CPU
		{89E4207A-D9FA-4B24-A058-8702BFCC89D8}.Debug|Any CPU.ActiveCfg = Debug|Any CPU
		{89E4207A-D9FA-4B24-A058-8702BFCC89D8}.Debug|Any CPU.Build.0 = Debug|Any CPU
		{89E4207A-D9FA-4B24-A058-8702BFCC89D8}.Release|Any CPU.ActiveCfg = Release|Any CPU
		{89E4207A-D9FA-4B24-A058-8702BFCC89D8}.Release|Any CPU.Build.0 = Release|Any CPU
		{FC160CCC-8FC0-44AD-8674-8507EF5FC39B}.Debug|Any CPU.ActiveCfg = Debug|Any CPU
		{FC160CCC-8FC0-44AD-8674-8507EF5FC39B}.Debug|Any CPU.Build.0 = Debug|Any CPU
		{FC160CCC-8FC0-44AD-8674-8507EF5FC39B}.Release|Any CPU.ActiveCfg = Release|Any CPU
		{FC160CCC-8FC0-44AD-8674-8507EF5FC39B}.Release|Any CPU.Build.0 = Release|Any CPU
	EndGlobalSection
	GlobalSection(SolutionProperties) = preSolution
		HideSolutionNode = FALSE
	EndGlobalSection
	GlobalSection(NestedProjects) = preSolution
		{A06064EF-1AE3-42E3-A3BA-1728FC2EFA21} = {02EA681E-C7D8-13C7-8484-4AC65E1B71E8}
		{D32D31A9-B92F-421C-8FE7-40036598B733} = {02EA681E-C7D8-13C7-8484-4AC65E1B71E8}
		{665C18A5-7AFF-4121-ABF8-C92BA62B8C4C} = {02EA681E-C7D8-13C7-8484-4AC65E1B71E8}
		{15F1F746-28EC-4617-92FB-A620C27AABBF} = {AC89DE53-50EC-4610-884F-D5F2A1AE77F0}
		{873BE017-5716-41DA-9E75-174CDFD1475D} = {AC89DE53-50EC-4610-884F-D5F2A1AE77F0}
		{4034501E-0A49-4F21-991E-127FD063FD72} = {AC89DE53-50EC-4610-884F-D5F2A1AE77F0}
		{72F19D61-2E38-4BC8-B131-EBF8FB4DA72B} = {CB331182-7B39-419D-A29A-8A296B7AFEF6}
		{31801053-1E02-4BDD-8F81-0693431D1EE7} = {CB331182-7B39-419D-A29A-8A296B7AFEF6}
		{298FD7C3-7724-411E-A015-109F1324FB65} = {CB331182-7B39-419D-A29A-8A296B7AFEF6}
		{742E4C24-896F-42FB-BDBB-075EBF2850A9} = {242B0161-EBA2-4440-9FA0-F5C2BE11677B}
		{89E4207A-D9FA-4B24-A058-8702BFCC89D8} = {242B0161-EBA2-4440-9FA0-F5C2BE11677B}
		{FC160CCC-8FC0-44AD-8674-8507EF5FC39B} = {242B0161-EBA2-4440-9FA0-F5C2BE11677B}
	EndGlobalSection
	GlobalSection(ExtensibilityGlobals) = postSolution
		SolutionGuid = {7205FDBD-A4EB-4C03-B78A-B4E22D72EE1E}
	EndGlobalSection
EndGlobal
